
Microsoft Visual Studio Solution File, Format Version 12.00
# Visual Studio Version 17
VisualStudioVersion = 17.10.34916.146
MinimumVisualStudioVersion = 10.0.40219.1
Project("{FAE04EC0-301F-11D3-BF4B-00C04F79EFBC}") = "MONO - Console", "MONO - Console\MONO - Console.csproj", "{F52DD723-A5AC-4184-9D96-3BFE525D6414}"
EndProject
Global
	GlobalSection(SolutionConfigurationPlatforms) = preSolution
		Debug|Any CPU = Debug|Any CPU
		Release|Any CPU = Release|Any CPU
	EndGlobalSection
	GlobalSection(ProjectConfigurationPlatforms) = postSolution
		{F52DD723-A5AC-4184-9D96-3BFE525D6414}.Debug|Any CPU.ActiveCfg = Debug|Any CPU
		{F52DD723-A5AC-4184-9D96-3BFE525D6414}.Debug|Any CPU.Build.0 = Debug|Any CPU
		{F52DD723-A5AC-4184-9D96-3BFE525D6414}.Release|Any CPU.ActiveCfg = Release|Any CPU
		{F52DD723-A5AC-4184-9D96-3BFE525D6414}.Release|Any CPU.Build.0 = Release|Any CPU
	EndGlobalSection
	GlobalSection(SolutionProperties) = preSolution
		HideSolutionNode = FALSE
	EndGlobalSection
	GlobalSection(ExtensibilityGlobals) = postSolution
		SolutionGuid = {631EE177-A916-40A7-BBE9-57B2D3064160}
	EndGlobalSection
EndGlobal
